
Microsoft Visual Studio Solution File, Format Version 12.00
# Visual Studio 15
VisualStudioVersion = 15.0.27703.2026
MinimumVisualStudioVersion = 10.0.40219.1
Project("{FAE04EC0-301F-11D3-BF4B-00C04F79EFBC}") = "dinnersys_export", "dinnersys_export\dinnersys_export.csproj", "{CF74DADC-F939-4BE8-9D87-9671CF7EB03E}"
EndProject
Global
	GlobalSection(SolutionConfigurationPlatforms) = preSolution
		Debug|Any CPU = Debug|Any CPU
		Release|Any CPU = Release|Any CPU
	EndGlobalSection
	GlobalSection(ProjectConfigurationPlatforms) = postSolution
		{CF74DADC-F939-4BE8-9D87-9671CF7EB03E}.Debug|Any CPU.ActiveCfg = Debug|Any CPU
		{CF74DADC-F939-4BE8-9D87-9671CF7EB03E}.Debug|Any CPU.Build.0 = Debug|Any CPU
		{CF74DADC-F939-4BE8-9D87-9671CF7EB03E}.Release|Any CPU.ActiveCfg = Release|Any CPU
		{CF74DADC-F939-4BE8-9D87-9671CF7EB03E}.Release|Any CPU.Build.0 = Release|Any CPU
	EndGlobalSection
	GlobalSection(SolutionProperties) = preSolution
		HideSolutionNode = FALSE
	EndGlobalSection
	GlobalSection(ExtensibilityGlobals) = postSolution
		SolutionGuid = {575E7CC6-6D56-456F-986D-EFA611ABC495}
	EndGlobalSection
EndGlobal
