
Microsoft Visual Studio Solution File, Format Version 12.00
# Visual Studio 15
VisualStudioVersion = 15.0.27703.2026
MinimumVisualStudioVersion = 10.0.40219.1
Project("{FAE04EC0-301F-11D3-BF4B-00C04F79EFBC}") = "dinnersys_import", "dinnersys_import\dinnersys_import.csproj", "{475F7AD0-6422-4C1C-BCE8-56704E88EDF0}"
EndProject
Global
	GlobalSection(SolutionConfigurationPlatforms) = preSolution
		Debug|Any CPU = Debug|Any CPU
		Release|Any CPU = Release|Any CPU
	EndGlobalSection
	GlobalSection(ProjectConfigurationPlatforms) = postSolution
		{475F7AD0-6422-4C1C-BCE8-56704E88EDF0}.Debug|Any CPU.ActiveCfg = Debug|Any CPU
		{475F7AD0-6422-4C1C-BCE8-56704E88EDF0}.Debug|Any CPU.Build.0 = Debug|Any CPU
		{475F7AD0-6422-4C1C-BCE8-56704E88EDF0}.Release|Any CPU.ActiveCfg = Release|Any CPU
		{475F7AD0-6422-4C1C-BCE8-56704E88EDF0}.Release|Any CPU.Build.0 = Release|Any CPU
	EndGlobalSection
	GlobalSection(SolutionProperties) = preSolution
		HideSolutionNode = FALSE
	EndGlobalSection
	GlobalSection(ExtensibilityGlobals) = postSolution
		SolutionGuid = {2EE9C4C2-7847-4578-BEC4-C850B6167E30}
	EndGlobalSection
EndGlobal
