
Microsoft Visual Studio Solution File, Format Version 12.00
# Visual Studio 15
VisualStudioVersion = 15.0.28307.106
MinimumVisualStudioVersion = 10.0.40219.1
Project("{FAE04EC0-301F-11D3-BF4B-00C04F79EFBC}") = "bank_server2", "bank_server2\bank_server2.csproj", "{4CA8EE3D-17B6-4DED-A17D-700BE133FE57}"
EndProject
Global
	GlobalSection(SolutionConfigurationPlatforms) = preSolution
		Debug|Any CPU = Debug|Any CPU
		Release|Any CPU = Release|Any CPU
	EndGlobalSection
	GlobalSection(ProjectConfigurationPlatforms) = postSolution
		{4CA8EE3D-17B6-4DED-A17D-700BE133FE57}.Debug|Any CPU.ActiveCfg = Debug|Any CPU
		{4CA8EE3D-17B6-4DED-A17D-700BE133FE57}.Debug|Any CPU.Build.0 = Debug|Any CPU
		{4CA8EE3D-17B6-4DED-A17D-700BE133FE57}.Release|Any CPU.ActiveCfg = Release|Any CPU
		{4CA8EE3D-17B6-4DED-A17D-700BE133FE57}.Release|Any CPU.Build.0 = Release|Any CPU
	EndGlobalSection
	GlobalSection(SolutionProperties) = preSolution
		HideSolutionNode = FALSE
	EndGlobalSection
	GlobalSection(ExtensibilityGlobals) = postSolution
		SolutionGuid = {C51F2FD5-F3EA-48BC-9B2C-644C1F7351D1}
	EndGlobalSection
EndGlobal
